// !$*UTF8*$!
{
	archiveVersion = 1;
	classes = {
	};
	objectVersion = 46;
	objects = {

/* Begin PBXBuildFile section */
		3D0364C01F4726C200BD02EB /* SQLite.framework in Frameworks */ = {isa = PBXBuildFile; fileRef = 3D0364BF1F4726C200BD02EB /* SQLite.framework */; };
		3D0364C11F4726C200BD02EB /* SQLite.framework in Embed Frameworks */ = {isa = PBXBuildFile; fileRef = 3D0364BF1F4726C200BD02EB /* SQLite.framework */; settings = {ATTRIBUTES = (CodeSignOnCopy, RemoveHeadersOnCopy, ); }; };
		3D5081971F4728BA00DC3E13 /* pokeQuiz.sqlite in Resources */ = {isa = PBXBuildFile; fileRef = 3D5081961F4728BA00DC3E13 /* pokeQuiz.sqlite */; };
		3DA324D91F42E63C00BF084C /* Quiz.swift in Sources */ = {isa = PBXBuildFile; fileRef = 3DA324D81F42E63C00BF084C /* Quiz.swift */; };
		3DA324DB1F42F67200BF084C /* AppValues.swift in Sources */ = {isa = PBXBuildFile; fileRef = 3DA324DA1F42F67200BF084C /* AppValues.swift */; };
		3DA324DD1F42F83000BF084C /* TeamViewController.swift in Sources */ = {isa = PBXBuildFile; fileRef = 3DA324DC1F42F83000BF084C /* TeamViewController.swift */; };
		3DF8E1C51F44505C0037C1D8 /* TeamRedViewController.swift in Sources */ = {isa = PBXBuildFile; fileRef = 3DF8E1C41F44505C0037C1D8 /* TeamRedViewController.swift */; };
		3DF8E1C71F4450980037C1D8 /* TeamYellowViewController.swift in Sources */ = {isa = PBXBuildFile; fileRef = 3DF8E1C61F4450980037C1D8 /* TeamYellowViewController.swift */; };
		8A0D50151F422EAB0023E548 /* ChooseGenViewController.swift in Sources */ = {isa = PBXBuildFile; fileRef = 8A0D50141F422EAB0023E548 /* ChooseGenViewController.swift */; };
		8A0D50171F422EF00023E548 /* GameViewController.swift in Sources */ = {isa = PBXBuildFile; fileRef = 8A0D50161F422EF00023E548 /* GameViewController.swift */; };
		8A97CDDA1F5944F6002E7EF4 /* StatisticViewController.swift in Sources */ = {isa = PBXBuildFile; fileRef = 8A97CDD91F5944F6002E7EF4 /* StatisticViewController.swift */; };
		8AD764231F41D2DF00770B29 /* AppDelegate.swift in Sources */ = {isa = PBXBuildFile; fileRef = 8AD764221F41D2DF00770B29 /* AppDelegate.swift */; };
		8AD764251F41D2DF00770B29 /* ViewController.swift in Sources */ = {isa = PBXBuildFile; fileRef = 8AD764241F41D2DF00770B29 /* ViewController.swift */; };
		8AD764281F41D2DF00770B29 /* Main.storyboard in Resources */ = {isa = PBXBuildFile; fileRef = 8AD764261F41D2DF00770B29 /* Main.storyboard */; };
		8AD7642A1F41D2DF00770B29 /* Assets.xcassets in Resources */ = {isa = PBXBuildFile; fileRef = 8AD764291F41D2DF00770B29 /* Assets.xcassets */; };
		8AD7642D1F41D2DF00770B29 /* LaunchScreen.storyboard in Resources */ = {isa = PBXBuildFile; fileRef = 8AD7642B1F41D2DF00770B29 /* LaunchScreen.storyboard */; };
		8AD764351F41DD1C00770B29 /* ChooseViewController.swift in Sources */ = {isa = PBXBuildFile; fileRef = 8AD764341F41DD1C00770B29 /* ChooseViewController.swift */; };
/* End PBXBuildFile section */

/* Begin PBXContainerItemProxy section */
		3D5081881F47279D00DC3E13 /* PBXContainerItemProxy */ = {
			isa = PBXContainerItemProxy;
			containerPortal = 3D0364A41F47265600BD02EB /* SQLite.xcodeproj */;
			proxyType = 2;
			remoteGlobalIDString = EE247AD31C3F04ED00AE3E12;
			remoteInfo = "SQLite iOS";
		};
		3D50818A1F47279D00DC3E13 /* PBXContainerItemProxy */ = {
			isa = PBXContainerItemProxy;
			containerPortal = 3D0364A41F47265600BD02EB /* SQLite.xcodeproj */;
			proxyType = 2;
			remoteGlobalIDString = EE247ADD1C3F04ED00AE3E12;
			remoteInfo = "SQLiteTests iOS";
		};
		3D50818C1F47279D00DC3E13 /* PBXContainerItemProxy */ = {
			isa = PBXContainerItemProxy;
			containerPortal = 3D0364A41F47265600BD02EB /* SQLite.xcodeproj */;
			proxyType = 2;
			remoteGlobalIDString = EE247B3C1C3F3ED000AE3E12;
			remoteInfo = "SQLite Mac";
		};
		3D50818E1F47279D00DC3E13 /* PBXContainerItemProxy */ = {
			isa = PBXContainerItemProxy;
			containerPortal = 3D0364A41F47265600BD02EB /* SQLite.xcodeproj */;
			proxyType = 2;
			remoteGlobalIDString = EE247B451C3F3ED000AE3E12;
			remoteInfo = "SQLiteTests Mac";
		};
		3D5081901F47279D00DC3E13 /* PBXContainerItemProxy */ = {
			isa = PBXContainerItemProxy;
			containerPortal = 3D0364A41F47265600BD02EB /* SQLite.xcodeproj */;
			proxyType = 2;
			remoteGlobalIDString = 03A65E5A1C6BB0F50062603F;
			remoteInfo = "SQLite tvOS";
		};
		3D5081921F47279D00DC3E13 /* PBXContainerItemProxy */ = {
			isa = PBXContainerItemProxy;
			containerPortal = 3D0364A41F47265600BD02EB /* SQLite.xcodeproj */;
			proxyType = 2;
			remoteGlobalIDString = 03A65E631C6BB0F60062603F;
			remoteInfo = "SQLiteTests tvOS";
		};
		3D5081941F47279D00DC3E13 /* PBXContainerItemProxy */ = {
			isa = PBXContainerItemProxy;
			containerPortal = 3D0364A41F47265600BD02EB /* SQLite.xcodeproj */;
			proxyType = 2;
			remoteGlobalIDString = A121AC451CA35C79005A31D1;
			remoteInfo = "SQLite watchOS";
		};
/* End PBXContainerItemProxy section */

/* Begin PBXCopyFilesBuildPhase section */
		3D0364C21F4726C200BD02EB /* Embed Frameworks */ = {
			isa = PBXCopyFilesBuildPhase;
			buildActionMask = 2147483647;
			dstPath = "";
			dstSubfolderSpec = 10;
			files = (
				3D0364C11F4726C200BD02EB /* SQLite.framework in Embed Frameworks */,
			);
			name = "Embed Frameworks";
			runOnlyForDeploymentPostprocessing = 0;
		};
/* End PBXCopyFilesBuildPhase section */

/* Begin PBXFileReference section */
		3D0364A41F47265600BD02EB /* SQLite.xcodeproj */ = {isa = PBXFileReference; lastKnownFileType = "wrapper.pb-project"; name = SQLite.xcodeproj; path = "../../Downloads/SQLite.swift-master/SQLite.xcodeproj"; sourceTree = "<group>"; };
		3D0364BD1F4726B200BD02EB /* SQLite.framework */ = {isa = PBXFileReference; lastKnownFileType = wrapper.framework; name = SQLite.framework; path = "../../Downloads/SQLite.swift-master/build/Debug-iphoneos/SQLite.framework"; sourceTree = "<group>"; };
		3D0364BF1F4726C200BD02EB /* SQLite.framework */ = {isa = PBXFileReference; explicitFileType = wrapper.framework; path = SQLite.framework; sourceTree = BUILT_PRODUCTS_DIR; };
		3D5081961F4728BA00DC3E13 /* pokeQuiz.sqlite */ = {isa = PBXFileReference; lastKnownFileType = file; name = pokeQuiz.sqlite; path = PokeQuiz/pokeQuiz.sqlite; sourceTree = "<group>"; };
		3DA324D81F42E63C00BF084C /* Quiz.swift */ = {isa = PBXFileReference; fileEncoding = 4; lastKnownFileType = sourcecode.swift; path = Quiz.swift; sourceTree = "<group>"; };
		3DA324DA1F42F67200BF084C /* AppValues.swift */ = {isa = PBXFileReference; fileEncoding = 4; lastKnownFileType = sourcecode.swift; path = AppValues.swift; sourceTree = "<group>"; };
		3DA324DC1F42F83000BF084C /* TeamViewController.swift */ = {isa = PBXFileReference; fileEncoding = 4; lastKnownFileType = sourcecode.swift; path = TeamViewController.swift; sourceTree = "<group>"; };
		3DF8E1C41F44505C0037C1D8 /* TeamRedViewController.swift */ = {isa = PBXFileReference; fileEncoding = 4; lastKnownFileType = sourcecode.swift; path = TeamRedViewController.swift; sourceTree = "<group>"; };
		3DF8E1C61F4450980037C1D8 /* TeamYellowViewController.swift */ = {isa = PBXFileReference; fileEncoding = 4; lastKnownFileType = sourcecode.swift; path = TeamYellowViewController.swift; sourceTree = "<group>"; };
		8A0D50141F422EAB0023E548 /* ChooseGenViewController.swift */ = {isa = PBXFileReference; fileEncoding = 4; lastKnownFileType = sourcecode.swift; path = ChooseGenViewController.swift; sourceTree = "<group>"; };
		8A0D50161F422EF00023E548 /* GameViewController.swift */ = {isa = PBXFileReference; fileEncoding = 4; lastKnownFileType = sourcecode.swift; path = GameViewController.swift; sourceTree = "<group>"; };
		8A97CDD91F5944F6002E7EF4 /* StatisticViewController.swift */ = {isa = PBXFileReference; fileEncoding = 4; lastKnownFileType = sourcecode.swift; path = StatisticViewController.swift; sourceTree = "<group>"; };
		8AD7641F1F41D2DF00770B29 /* PokeQuiz.app */ = {isa = PBXFileReference; explicitFileType = wrapper.application; includeInIndex = 0; path = PokeQuiz.app; sourceTree = BUILT_PRODUCTS_DIR; };
		8AD764221F41D2DF00770B29 /* AppDelegate.swift */ = {isa = PBXFileReference; lastKnownFileType = sourcecode.swift; path = AppDelegate.swift; sourceTree = "<group>"; };
		8AD764241F41D2DF00770B29 /* ViewController.swift */ = {isa = PBXFileReference; lastKnownFileType = sourcecode.swift; path = ViewController.swift; sourceTree = "<group>"; };
		8AD764271F41D2DF00770B29 /* Base */ = {isa = PBXFileReference; lastKnownFileType = file.storyboard; name = Base; path = Base.lproj/Main.storyboard; sourceTree = "<group>"; };
		8AD764291F41D2DF00770B29 /* Assets.xcassets */ = {isa = PBXFileReference; lastKnownFileType = folder.assetcatalog; path = Assets.xcassets; sourceTree = "<group>"; };
		8AD7642C1F41D2DF00770B29 /* Base */ = {isa = PBXFileReference; lastKnownFileType = file.storyboard; name = Base; path = Base.lproj/LaunchScreen.storyboard; sourceTree = "<group>"; };
		8AD7642E1F41D2DF00770B29 /* Info.plist */ = {isa = PBXFileReference; lastKnownFileType = text.plist.xml; path = Info.plist; sourceTree = "<group>"; };
		8AD764341F41DD1C00770B29 /* ChooseViewController.swift */ = {isa = PBXFileReference; fileEncoding = 4; lastKnownFileType = sourcecode.swift; path = ChooseViewController.swift; sourceTree = "<group>"; };
/* End PBXFileReference section */

/* Begin PBXFrameworksBuildPhase section */
		8AD7641C1F41D2DF00770B29 /* Frameworks */ = {
			isa = PBXFrameworksBuildPhase;
			buildActionMask = 2147483647;
			files = (
				3D0364C01F4726C200BD02EB /* SQLite.framework in Frameworks */,
			);
			runOnlyForDeploymentPostprocessing = 0;
		};
/* End PBXFrameworksBuildPhase section */

/* Begin PBXGroup section */
		3D0364BC1F4726B200BD02EB /* Frameworks */ = {
			isa = PBXGroup;
			children = (
				3D0364BD1F4726B200BD02EB /* SQLite.framework */,
			);
			name = Frameworks;
			sourceTree = "<group>";
		};
		3D50817F1F47279C00DC3E13 /* Products */ = {
			isa = PBXGroup;
			children = (
				3D5081891F47279D00DC3E13 /* SQLite.framework */,
				3D50818B1F47279D00DC3E13 /* SQLiteTests iOS.xctest */,
				3D50818D1F47279D00DC3E13 /* SQLite.framework */,
				3D50818F1F47279D00DC3E13 /* SQLiteTests Mac.xctest */,
				3D5081911F47279D00DC3E13 /* SQLite.framework */,
				3D5081931F47279D00DC3E13 /* SQLiteTests tvOS.xctest */,
				3D5081951F47279D00DC3E13 /* SQLite.framework */,
			);
			name = Products;
			sourceTree = "<group>";
		};
		8AD764161F41D2DF00770B29 = {
			isa = PBXGroup;
			children = (
				3D5081961F4728BA00DC3E13 /* pokeQuiz.sqlite */,
				3D0364BF1F4726C200BD02EB /* SQLite.framework */,
				8AD764211F41D2DF00770B29 /* PokeQuiz */,
				8AD764201F41D2DF00770B29 /* Products */,
				3D0364A41F47265600BD02EB /* SQLite.xcodeproj */,
				3D0364BC1F4726B200BD02EB /* Frameworks */,
			);
			sourceTree = "<group>";
		};
		8AD764201F41D2DF00770B29 /* Products */ = {
			isa = PBXGroup;
			children = (
				8AD7641F1F41D2DF00770B29 /* PokeQuiz.app */,
			);
			name = Products;
			sourceTree = "<group>";
		};
		8AD764211F41D2DF00770B29 /* PokeQuiz */ = {
			isa = PBXGroup;
			children = (
				8AD764221F41D2DF00770B29 /* AppDelegate.swift */,
				8AD764241F41D2DF00770B29 /* ViewController.swift */,
				8AD764341F41DD1C00770B29 /* ChooseViewController.swift */,
				8A0D50141F422EAB0023E548 /* ChooseGenViewController.swift */,
				8A0D50161F422EF00023E548 /* GameViewController.swift */,
				8AD764261F41D2DF00770B29 /* Main.storyboard */,
				8AD764291F41D2DF00770B29 /* Assets.xcassets */,
				8AD7642B1F41D2DF00770B29 /* LaunchScreen.storyboard */,
				8AD7642E1F41D2DF00770B29 /* Info.plist */,
				3DA324D81F42E63C00BF084C /* Quiz.swift */,
				3DA324DA1F42F67200BF084C /* AppValues.swift */,
				3DA324DC1F42F83000BF084C /* TeamViewController.swift */,
				3DF8E1C61F4450980037C1D8 /* TeamYellowViewController.swift */,
				3DF8E1C41F44505C0037C1D8 /* TeamRedViewController.swift */,
				8A97CDD91F5944F6002E7EF4 /* StatisticViewController.swift */,
			);
			path = PokeQuiz;
			sourceTree = "<group>";
		};
/* End PBXGroup section */

/* Begin PBXNativeTarget section */
		8AD7641E1F41D2DF00770B29 /* PokeQuiz */ = {
			isa = PBXNativeTarget;
			buildConfigurationList = 8AD764311F41D2DF00770B29 /* Build configuration list for PBXNativeTarget "PokeQuiz" */;
			buildPhases = (
				8AD7641B1F41D2DF00770B29 /* Sources */,
				8AD7641C1F41D2DF00770B29 /* Frameworks */,
				8AD7641D1F41D2DF00770B29 /* Resources */,
				3D0364C21F4726C200BD02EB /* Embed Frameworks */,
			);
			buildRules = (
			);
			dependencies = (
			);
			name = PokeQuiz;
			productName = PokeQuiz;
			productReference = 8AD7641F1F41D2DF00770B29 /* PokeQuiz.app */;
			productType = "com.apple.product-type.application";
		};
/* End PBXNativeTarget section */

/* Begin PBXProject section */
		8AD764171F41D2DF00770B29 /* Project object */ = {
			isa = PBXProject;
			attributes = {
				LastSwiftUpdateCheck = 0830;
				LastUpgradeCheck = 0830;
				ORGANIZATIONNAME = "Alexander Ganzer";
				TargetAttributes = {
					8AD7641E1F41D2DF00770B29 = {
						CreatedOnToolsVersion = 8.3.3;
						DevelopmentTeam = N9SJXMUKHC;
						ProvisioningStyle = Automatic;
					};
				};
			};
			buildConfigurationList = 8AD7641A1F41D2DF00770B29 /* Build configuration list for PBXProject "PokeQuiz" */;
			compatibilityVersion = "Xcode 3.2";
			developmentRegion = English;
			hasScannedForEncodings = 0;
			knownRegions = (
				en,
				Base,
			);
			mainGroup = 8AD764161F41D2DF00770B29;
			productRefGroup = 8AD764201F41D2DF00770B29 /* Products */;
			projectDirPath = "";
			projectReferences = (
				{
					ProductGroup = 3D50817F1F47279C00DC3E13 /* Products */;
					ProjectRef = 3D0364A41F47265600BD02EB /* SQLite.xcodeproj */;
				},
			);
			projectRoot = "";
			targets = (
				8AD7641E1F41D2DF00770B29 /* PokeQuiz */,
			);
		};
/* End PBXProject section */

/* Begin PBXReferenceProxy section */
		3D5081891F47279D00DC3E13 /* SQLite.framework */ = {
			isa = PBXReferenceProxy;
			fileType = wrapper.framework;
			path = SQLite.framework;
			remoteRef = 3D5081881F47279D00DC3E13 /* PBXContainerItemProxy */;
			sourceTree = BUILT_PRODUCTS_DIR;
		};
		3D50818B1F47279D00DC3E13 /* SQLiteTests iOS.xctest */ = {
			isa = PBXReferenceProxy;
			fileType = wrapper.cfbundle;
			path = "SQLiteTests iOS.xctest";
			remoteRef = 3D50818A1F47279D00DC3E13 /* PBXContainerItemProxy */;
			sourceTree = BUILT_PRODUCTS_DIR;
		};
		3D50818D1F47279D00DC3E13 /* SQLite.framework */ = {
			isa = PBXReferenceProxy;
			fileType = wrapper.framework;
			path = SQLite.framework;
			remoteRef = 3D50818C1F47279D00DC3E13 /* PBXContainerItemProxy */;
			sourceTree = BUILT_PRODUCTS_DIR;
		};
		3D50818F1F47279D00DC3E13 /* SQLiteTests Mac.xctest */ = {
			isa = PBXReferenceProxy;
			fileType = wrapper.cfbundle;
			path = "SQLiteTests Mac.xctest";
			remoteRef = 3D50818E1F47279D00DC3E13 /* PBXContainerItemProxy */;
			sourceTree = BUILT_PRODUCTS_DIR;
		};
		3D5081911F47279D00DC3E13 /* SQLite.framework */ = {
			isa = PBXReferenceProxy;
			fileType = wrapper.framework;
			path = SQLite.framework;
			remoteRef = 3D5081901F47279D00DC3E13 /* PBXContainerItemProxy */;
			sourceTree = BUILT_PRODUCTS_DIR;
		};
		3D5081931F47279D00DC3E13 /* SQLiteTests tvOS.xctest */ = {
			isa = PBXReferenceProxy;
			fileType = wrapper.cfbundle;
			path = "SQLiteTests tvOS.xctest";
			remoteRef = 3D5081921F47279D00DC3E13 /* PBXContainerItemProxy */;
			sourceTree = BUILT_PRODUCTS_DIR;
		};
		3D5081951F47279D00DC3E13 /* SQLite.framework */ = {
			isa = PBXReferenceProxy;
			fileType = wrapper.framework;
			path = SQLite.framework;
			remoteRef = 3D5081941F47279D00DC3E13 /* PBXContainerItemProxy */;
			sourceTree = BUILT_PRODUCTS_DIR;
		};
/* End PBXReferenceProxy section */

/* Begin PBXResourcesBuildPhase section */
		8AD7641D1F41D2DF00770B29 /* Resources */ = {
			isa = PBXResourcesBuildPhase;
			buildActionMask = 2147483647;
			files = (
				8AD7642D1F41D2DF00770B29 /* LaunchScreen.storyboard in Resources */,
				8AD7642A1F41D2DF00770B29 /* Assets.xcassets in Resources */,
				8AD764281F41D2DF00770B29 /* Main.storyboard in Resources */,
				3D5081971F4728BA00DC3E13 /* pokeQuiz.sqlite in Resources */,
			);
			runOnlyForDeploymentPostprocessing = 0;
		};
/* End PBXResourcesBuildPhase section */

/* Begin PBXSourcesBuildPhase section */
		8AD7641B1F41D2DF00770B29 /* Sources */ = {
			isa = PBXSourcesBuildPhase;
			buildActionMask = 2147483647;
			files = (
				8A0D50171F422EF00023E548 /* GameViewController.swift in Sources */,
				3DF8E1C71F4450980037C1D8 /* TeamYellowViewController.swift in Sources */,
				3DA324DD1F42F83000BF084C /* TeamViewController.swift in Sources */,
				8A97CDDA1F5944F6002E7EF4 /* StatisticViewController.swift in Sources */,
				8AD764251F41D2DF00770B29 /* ViewController.swift in Sources */,
				3DA324D91F42E63C00BF084C /* Quiz.swift in Sources */,
				3DF8E1C51F44505C0037C1D8 /* TeamRedViewController.swift in Sources */,
				8AD764231F41D2DF00770B29 /* AppDelegate.swift in Sources */,
				3DA324DB1F42F67200BF084C /* AppValues.swift in Sources */,
				8A0D50151F422EAB0023E548 /* ChooseGenViewController.swift in Sources */,
				8AD764351F41DD1C00770B29 /* ChooseViewController.swift in Sources */,
			);
			runOnlyForDeploymentPostprocessing = 0;
		};
/* End PBXSourcesBuildPhase section */

/* Begin PBXVariantGroup section */
		8AD764261F41D2DF00770B29 /* Main.storyboard */ = {
			isa = PBXVariantGroup;
			children = (
				8AD764271F41D2DF00770B29 /* Base */,
			);
			name = Main.storyboard;
			sourceTree = "<group>";
		};
		8AD7642B1F41D2DF00770B29 /* LaunchScreen.storyboard */ = {
			isa = PBXVariantGroup;
			children = (
				8AD7642C1F41D2DF00770B29 /* Base */,
			);
			name = LaunchScreen.storyboard;
			sourceTree = "<group>";
		};
/* End PBXVariantGroup section */

/* Begin XCBuildConfiguration section */
		8AD7642F1F41D2DF00770B29 /* Debug */ = {
			isa = XCBuildConfiguration;
			buildSettings = {
				ALWAYS_SEARCH_USER_PATHS = NO;
				CLANG_ANALYZER_NONNULL = YES;
				CLANG_ANALYZER_NUMBER_OBJECT_CONVERSION = YES_AGGRESSIVE;
				CLANG_CXX_LANGUAGE_STANDARD = "gnu++0x";
				CLANG_CXX_LIBRARY = "libc++";
				CLANG_ENABLE_MODULES = YES;
				CLANG_ENABLE_OBJC_ARC = YES;
				CLANG_WARN_BOOL_CONVERSION = YES;
				CLANG_WARN_CONSTANT_CONVERSION = YES;
				CLANG_WARN_DIRECT_OBJC_ISA_USAGE = YES_ERROR;
				CLANG_WARN_DOCUMENTATION_COMMENTS = YES;
				CLANG_WARN_EMPTY_BODY = YES;
				CLANG_WARN_ENUM_CONVERSION = YES;
				CLANG_WARN_INFINITE_RECURSION = YES;
				CLANG_WARN_INT_CONVERSION = YES;
				CLANG_WARN_OBJC_ROOT_CLASS = YES_ERROR;
				CLANG_WARN_SUSPICIOUS_MOVE = YES;
				CLANG_WARN_UNREACHABLE_CODE = YES;
				CLANG_WARN__DUPLICATE_METHOD_MATCH = YES;
				"CODE_SIGN_IDENTITY[sdk=iphoneos*]" = "iPhone Developer";
				COPY_PHASE_STRIP = NO;
				DEBUG_INFORMATION_FORMAT = dwarf;
				ENABLE_STRICT_OBJC_MSGSEND = YES;
				ENABLE_TESTABILITY = YES;
				GCC_C_LANGUAGE_STANDARD = gnu99;
				GCC_DYNAMIC_NO_PIC = NO;
				GCC_NO_COMMON_BLOCKS = YES;
				GCC_OPTIMIZATION_LEVEL = 0;
				GCC_PREPROCESSOR_DEFINITIONS = (
					"DEBUG=1",
					"$(inherited)",
				);
				GCC_WARN_64_TO_32_BIT_CONVERSION = YES;
				GCC_WARN_ABOUT_RETURN_TYPE = YES_ERROR;
				GCC_WARN_UNDECLARED_SELECTOR = YES;
				GCC_WARN_UNINITIALIZED_AUTOS = YES_AGGRESSIVE;
				GCC_WARN_UNUSED_FUNCTION = YES;
				GCC_WARN_UNUSED_VARIABLE = YES;
				IPHONEOS_DEPLOYMENT_TARGET = 10.3;
				MTL_ENABLE_DEBUG_INFO = YES;
				ONLY_ACTIVE_ARCH = YES;
				SDKROOT = iphoneos;
				SWIFT_ACTIVE_COMPILATION_CONDITIONS = DEBUG;
				SWIFT_OPTIMIZATION_LEVEL = "-Onone";
				TARGETED_DEVICE_FAMILY = "1,2";
			};
			name = Debug;
		};
		8AD764301F41D2DF00770B29 /* Release */ = {
			isa = XCBuildConfiguration;
			buildSettings = {
				ALWAYS_SEARCH_USER_PATHS = NO;
				CLANG_ANALYZER_NONNULL = YES;
				CLANG_ANALYZER_NUMBER_OBJECT_CONVERSION = YES_AGGRESSIVE;
				CLANG_CXX_LANGUAGE_STANDARD = "gnu++0x";
				CLANG_CXX_LIBRARY = "libc++";
				CLANG_ENABLE_MODULES = YES;
				CLANG_ENABLE_OBJC_ARC = YES;
				CLANG_WARN_BOOL_CONVERSION = YES;
				CLANG_WARN_CONSTANT_CONVERSION = YES;
				CLANG_WARN_DIRECT_OBJC_ISA_USAGE = YES_ERROR;
				CLANG_WARN_DOCUMENTATION_COMMENTS = YES;
				CLANG_WARN_EMPTY_BODY = YES;
				CLANG_WARN_ENUM_CONVERSION = YES;
				CLANG_WARN_INFINITE_RECURSION = YES;
				CLANG_WARN_INT_CONVERSION = YES;
				CLANG_WARN_OBJC_ROOT_CLASS = YES_ERROR;
				CLANG_WARN_SUSPICIOUS_MOVE = YES;
				CLANG_WARN_UNREACHABLE_CODE = YES;
				CLANG_WARN__DUPLICATE_METHOD_MATCH = YES;
				"CODE_SIGN_IDENTITY[sdk=iphoneos*]" = "iPhone Developer";
				COPY_PHASE_STRIP = NO;
				DEBUG_INFORMATION_FORMAT = "dwarf-with-dsym";
				ENABLE_NS_ASSERTIONS = NO;
				ENABLE_STRICT_OBJC_MSGSEND = YES;
				GCC_C_LANGUAGE_STANDARD = gnu99;
				GCC_NO_COMMON_BLOCKS = YES;
				GCC_WARN_64_TO_32_BIT_CONVERSION = YES;
				GCC_WARN_ABOUT_RETURN_TYPE = YES_ERROR;
				GCC_WARN_UNDECLARED_SELECTOR = YES;
				GCC_WARN_UNINITIALIZED_AUTOS = YES_AGGRESSIVE;
				GCC_WARN_UNUSED_FUNCTION = YES;
				GCC_WARN_UNUSED_VARIABLE = YES;
				IPHONEOS_DEPLOYMENT_TARGET = 10.3;
				MTL_ENABLE_DEBUG_INFO = NO;
				SDKROOT = iphoneos;
				SWIFT_OPTIMIZATION_LEVEL = "-Owholemodule";
				TARGETED_DEVICE_FAMILY = "1,2";
				VALIDATE_PRODUCT = YES;
			};
			name = Release;
		};
		8AD764321F41D2DF00770B29 /* Debug */ = {
			isa = XCBuildConfiguration;
			buildSettings = {
				ASSETCATALOG_COMPILER_APPICON_NAME = AppIcon;
				DEVELOPMENT_TEAM = N9SJXMUKHC;
				INFOPLIST_FILE = PokeQuiz/Info.plist;
				LD_RUNPATH_SEARCH_PATHS = "$(inherited) @executable_path/Frameworks";
				PRODUCT_BUNDLE_IDENTIFIER = Dream.PokeQuiz;
				PRODUCT_NAME = "$(TARGET_NAME)";
				SWIFT_VERSION = 3.0;
			};
			name = Debug;
		};
		8AD764331F41D2DF00770B29 /* Release */ = {
			isa = XCBuildConfiguration;
			buildSettings = {
				ASSETCATALOG_COMPILER_APPICON_NAME = AppIcon;
				DEVELOPMENT_TEAM = N9SJXMUKHC;
				INFOPLIST_FILE = PokeQuiz/Info.plist;
				LD_RUNPATH_SEARCH_PATHS = "$(inherited) @executable_path/Frameworks";
				PRODUCT_BUNDLE_IDENTIFIER = Dream.PokeQuiz;
				PRODUCT_NAME = "$(TARGET_NAME)";
				SWIFT_VERSION = 3.0;
			};
			name = Release;
		};
/* End XCBuildConfiguration section */

/* Begin XCConfigurationList section */
		8AD7641A1F41D2DF00770B29 /* Build configuration list for PBXProject "PokeQuiz" */ = {
			isa = XCConfigurationList;
			buildConfigurations = (
				8AD7642F1F41D2DF00770B29 /* Debug */,
				8AD764301F41D2DF00770B29 /* Release */,
			);
			defaultConfigurationIsVisible = 0;
			defaultConfigurationName = Release;
		};
		8AD764311F41D2DF00770B29 /* Build configuration list for PBXNativeTarget "PokeQuiz" */ = {
			isa = XCConfigurationList;
			buildConfigurations = (
				8AD764321F41D2DF00770B29 /* Debug */,
				8AD764331F41D2DF00770B29 /* Release */,
			);
			defaultConfigurationIsVisible = 0;
			defaultConfigurationName = Release;
		};
/* End XCConfigurationList section */
	};
	rootObject = 8AD764171F41D2DF00770B29 /* Project object */;
}
